# This file is automatically @generated by Poetry 1.5.1 and should not be changed by hand.

[[package]]
name = "restrictedpython"
version = "6.1"
description = "RestrictedPython is a defined subset of the Python language which allows to provide a program input into a trusted environment."
optional = false
python-versions = ">=3.6, <3.12"
files = [
    {file = "RestrictedPython-6.1-py3-none-any.whl", hash = "sha256:0b2f1e54730ee29ac87a5dc684159bf163806038b02aa8561aaea840a8256a9f"},
    {file = "RestrictedPython-6.1.tar.gz", hash = "sha256:7e58ea15cc92a0b916e0c8ca295e8b2c6d40fee4d12e1a2b5063d86efc279a9c"},
]

[package.extras]
docs = ["Sphinx", "sphinx-rtd-theme"]
test = ["pytest", "pytest-mock"]

[metadata]
lock-version = "2.0"
python-versions = ">=3.6, <3.12"
content-hash = "1dddeb6d273fab742aadb0087854048d2ca30c032d3b94fabe1cfcb80cb2fe0e"
